
Microsoft Visual Studio Solution File, Format Version 12.00
# Visual Studio Version 16
VisualStudioVersion = 16.0.30225.117
MinimumVisualStudioVersion = 10.0.40219.1
Project("{FAE04EC0-301F-11D3-BF4B-00C04F79EFBC}") = "Arm Position Update Service", "Arm Position Update Service.csproj", "{4C76A7C1-D904-4B11-86B4-68A384A222D6}"
EndProject
Global
	GlobalSection(SolutionConfigurationPlatforms) = preSolution
		Debug|Any CPU = Debug|Any CPU
		Debug|x64 = Debug|x64
		Release|Any CPU = Release|Any CPU
		Release|x64 = Release|x64
	EndGlobalSection
	GlobalSection(ProjectConfigurationPlatforms) = postSolution
		{4C76A7C1-D904-4B11-86B4-68A384A222D6}.Debug|Any CPU.ActiveCfg = Debug|Any CPU
		{4C76A7C1-D904-4B11-86B4-68A384A222D6}.Debug|Any CPU.Build.0 = Debug|Any CPU
		{4C76A7C1-D904-4B11-86B4-68A384A222D6}.Debug|x64.ActiveCfg = Debug|x64
		{4C76A7C1-D904-4B11-86B4-68A384A222D6}.Debug|x64.Build.0 = Debug|x64
		{4C76A7C1-D904-4B11-86B4-68A384A222D6}.Release|Any CPU.ActiveCfg = Release|Any CPU
		{4C76A7C1-D904-4B11-86B4-68A384A222D6}.Release|Any CPU.Build.0 = Release|Any CPU
		{4C76A7C1-D904-4B11-86B4-68A384A222D6}.Release|x64.ActiveCfg = Release|x64
		{4C76A7C1-D904-4B11-86B4-68A384A222D6}.Release|x64.Build.0 = Release|x64
	EndGlobalSection
	GlobalSection(SolutionProperties) = preSolution
		HideSolutionNode = FALSE
	EndGlobalSection
	GlobalSection(ExtensibilityGlobals) = postSolution
		SolutionGuid = {383E6D1E-271E-4017-B2A5-31A985BBCFD1}
	EndGlobalSection
EndGlobal
